{
  "canonical_version": "v52.0.0-SEAL",
  "release_date": "2026-02-07",
  "authority": {"judge": "Muhammad Arif bin Fazil", "sealed": true},
  "components": {
    "arifos_core": {"version": "v52.0.0", "location": "arifos/__init__.py"},
    "mcp_server": {"version": "v52.0.0", "location": "arifos/mcp/__init__.py"},
    "constitutional_specs": {"version": "v52.0.0", "location": "arifos/core/spec/"},
    "bridge": {"version": "v52.0.0", "location": "arifos/mcp/bridge.py", "principle": "zero_logic"}
  }
}
