# arifOS v49.1 - Constitutional Version Lock Entry Point
# Authority: 888 Judge | Canonical Reference
#
# This file serves as a constitutional anchor to the canonical version state.
# The canonical version lock is maintained in L1_THEORY/canon/ per constitutional law.
#
# Constitutional Chain: 888 Judge > L1_THEORY/canon/ > Runtime State
#
# DITEMPA BUKAN DIBERI - Constitutional state is forged, not assumed.

canonical_reference: "L1_THEORY/canon/arifos_version_lock.yaml"
constitutional_status: "ANCHORED"
authority_chain: "888 Judge > L1_THEORY/canon/ > Runtime Reference"

# Constitutional Note:
# - This entry point maintains separation between canonical state (CCC) and runtime references (BBB)
# - All constitutional versioning authority resides in L1_THEORY/canon/
# - Runtime systems reference this anchor for constitutional compliance

# For canonical constitutional state:
# see L1_THEORY/canon/arifos_version_lock.yaml