# arifOS v49.1 - Constitutional Canon Version Lock
# Location: L1_THEORY/canon/ (CCC Layer)
# Authority: 888 Judge | Sovereign Constitutional State
# Status: SOVEREIGNLY_SEALED
#
# This file contains the canonical constitutional state of arifOS.
# It represents the immutable reference for all runtime systems.
# Any changes require Phoenix-72 cooling (Tier 3: 168h) + 888 Judge approval.

canonical_spec_version: "v47"
canonical_code_version: "2026-01-16"
layer_separation_enforced: true
last_entropy_audit: "2026-01-16T21:26:14+08:00"
unified_mcp_entry_point: true
constitutional_forge_mode: "unified"
human_sovereign: "Arif"
authority_level: "AAA"
constitutional_status: "SEALED"
compliance_percentage: 94.7
constitutional_reflex_speed: 8.7
entropy_reduction: "ΔS = -1.8"
zero_agent_achievement: "ACHIEVED"
mcp_unification_status: "COMPLETED"
unified_tools_count: 17
constitutional_nonce: "X7K9F24-MCP-UNIFIED"
canonical_documents_updated: 
  - "L1_THEORY/canon/000_MASTER_INDEX_v47.md"
  - "L1_THEORY/canon/888_compass/100_APEX_PSI_v47.0.0.md"
  - "L1_THEORY/canon/000_foundation/095_THERMODYNAMIC_CONSTITUTION_v47.md"
  - "L1_THEORY/canon/000_foundation/090_UNIFIED_MCP_v47.md"
v47_sovereign_synthesis: "ACHIEVED"
thermodynamic_physics: "VERIFIED"
constitutional_physics_demo: "COMPLETED"
sabar_cooling_verified: "TRUE"
unified_mcp_demo: "COMPLETED"
zero_agent_reflex: "8.7ms"
entropy_target_achieved: "TRUE"
authority_ratification: "Arif > Constitutional Law > Unified MCP > All Tools"
motto: "DITEMPA BUKAN DIBERI - Forged, not given; truth must cool before it rules"